{
  "originHash" : "d4b4d1e05080d6c3fa74c7af13c1907b5c5077596e6cd5da108c12da892ae5b8",
  "pins" : [
    {
      "identity" : "fluidaudio",
      "kind" : "remoteSourceControl",
      "location" : "https://github.com/FluidInference/FluidAudio.git",
      "state" : {
        "revision" : "5c51c5c93afff0d89594a2a93c3103e790ba648c",
        "version" : "0.17.1"
      }
    },
    {
      "identity" : "libsql-swift",
      "kind" : "remoteSourceControl",
      "location" : "https://github.com/tursodatabase/libsql-swift",
      "state" : {
        "revision" : "f2944a4ea93a20f7d9afcf2913cd4e391e57cd79",
        "version" : "0.3.2"
      }
    }
  ],
  "version" : 3
}
